
Microsoft Visual Studio Solution File, Format Version 12.00
# Visual Studio Version 17
VisualStudioVersion = 17.0.32014.148
MinimumVisualStudioVersion = 10.0.40219.1
Project("{FAE04EC0-301F-11D3-BF4B-00C04F79EFBC}") = "FP2", "FP2\FP2.csproj", "{5CA1F8D1-4E66-46A1-9048-8A26C3EFF576}"
EndProject
Global
	GlobalSection(SolutionConfigurationPlatforms) = preSolution
		Debug|Any CPU = Debug|Any CPU
		Release|Any CPU = Release|Any CPU
	EndGlobalSection
	GlobalSection(ProjectConfigurationPlatforms) = postSolution
		{5CA1F8D1-4E66-46A1-9048-8A26C3EFF576}.Debug|Any CPU.ActiveCfg = Debug|Any CPU
		{5CA1F8D1-4E66-46A1-9048-8A26C3EFF576}.Debug|Any CPU.Build.0 = Debug|Any CPU
		{5CA1F8D1-4E66-46A1-9048-8A26C3EFF576}.Release|Any CPU.ActiveCfg = Release|Any CPU
		{5CA1F8D1-4E66-46A1-9048-8A26C3EFF576}.Release|Any CPU.Build.0 = Release|Any CPU
	EndGlobalSection
	GlobalSection(SolutionProperties) = preSolution
		HideSolutionNode = FALSE
	EndGlobalSection
	GlobalSection(ExtensibilityGlobals) = postSolution
		SolutionGuid = {8471B11F-3AC8-4C09-956E-4EA7F5C9F095}
	EndGlobalSection
EndGlobal
